// !$*UTF8*$!
{
	archiveVersion = 1;
	classes = {
	};
	objectVersion = 56;
	objects = {

/* Begin PBXBuildFile section */
		07655CAA2C24BD5800E3CCF4 /* GroznyBusApp.swift in Sources */ = {isa = PBXBuildFile; fileRef = 07655CA92C24BD5800E3CCF4 /* GroznyBusApp.swift */; };
		07655CAC2C24BD5800E3CCF4 /* ContentView.swift in Sources */ = {isa = PBXBuildFile; fileRef = 07655CAB2C24BD5800E3CCF4 /* ContentView.swift */; };
		07655CAE2C24BD5900E3CCF4 /* Assets.xcassets in Resources */ = {isa = PBXBuildFile; fileRef = 07655CAD2C24BD5900E3CCF4 /* Assets.xcassets */; };
		07655CB12C24BD5900E3CCF4 /* Preview Assets.xcassets in Resources */ = {isa = PBXBuildFile; fileRef = 07655CB02C24BD5900E3CCF4 /* Preview Assets.xcassets */; };
		07A807F82C26BEAF0006D6EA /* Bus.swift in Sources */ = {isa = PBXBuildFile; fileRef = 07A807F72C26BEAF0006D6EA /* Bus.swift */; };
		07A807FB2C26BEEE0006D6EA /* Stop.swift in Sources */ = {isa = PBXBuildFile; fileRef = 07A807FA2C26BEEE0006D6EA /* Stop.swift */; };
		07A807FF2C26C1AF0006D6EA /* HomeView.swift in Sources */ = {isa = PBXBuildFile; fileRef = 07A807FE2C26C1AF0006D6EA /* HomeView.swift */; };
		07A808012C26C1FB0006D6EA /* SettingsView.swift in Sources */ = {isa = PBXBuildFile; fileRef = 07A808002C26C1FB0006D6EA /* SettingsView.swift */; };
		07A808062C2832AE0006D6EA /* HomeViewModel.swift in Sources */ = {isa = PBXBuildFile; fileRef = 07A808052C2832AE0006D6EA /* HomeViewModel.swift */; };
/* End PBXBuildFile section */

/* Begin PBXFileReference section */
		07655CA62C24BD5800E3CCF4 /* GroznyBus.app */ = {isa = PBXFileReference; explicitFileType = wrapper.application; includeInIndex = 0; path = GroznyBus.app; sourceTree = BUILT_PRODUCTS_DIR; };
		07655CA92C24BD5800E3CCF4 /* GroznyBusApp.swift */ = {isa = PBXFileReference; lastKnownFileType = sourcecode.swift; path = GroznyBusApp.swift; sourceTree = "<group>"; };
		07655CAB2C24BD5800E3CCF4 /* ContentView.swift */ = {isa = PBXFileReference; lastKnownFileType = sourcecode.swift; path = ContentView.swift; sourceTree = "<group>"; };
		07655CAD2C24BD5900E3CCF4 /* Assets.xcassets */ = {isa = PBXFileReference; lastKnownFileType = folder.assetcatalog; path = Assets.xcassets; sourceTree = "<group>"; };
		07655CB02C24BD5900E3CCF4 /* Preview Assets.xcassets */ = {isa = PBXFileReference; lastKnownFileType = folder.assetcatalog; path = "Preview Assets.xcassets"; sourceTree = "<group>"; };
		07A807F72C26BEAF0006D6EA /* Bus.swift */ = {isa = PBXFileReference; lastKnownFileType = sourcecode.swift; path = Bus.swift; sourceTree = "<group>"; };
		07A807FA2C26BEEE0006D6EA /* Stop.swift */ = {isa = PBXFileReference; lastKnownFileType = sourcecode.swift; path = Stop.swift; sourceTree = "<group>"; };
		07A807FE2C26C1AF0006D6EA /* HomeView.swift */ = {isa = PBXFileReference; lastKnownFileType = sourcecode.swift; path = HomeView.swift; sourceTree = "<group>"; };
		07A808002C26C1FB0006D6EA /* SettingsView.swift */ = {isa = PBXFileReference; lastKnownFileType = sourcecode.swift; path = SettingsView.swift; sourceTree = "<group>"; };
		07A808052C2832AE0006D6EA /* HomeViewModel.swift */ = {isa = PBXFileReference; lastKnownFileType = sourcecode.swift; path = HomeViewModel.swift; sourceTree = "<group>"; };
/* End PBXFileReference section */

/* Begin PBXFrameworksBuildPhase section */
		07655CA32C24BD5800E3CCF4 /* Frameworks */ = {
			isa = PBXFrameworksBuildPhase;
			buildActionMask = 2147483647;
			files = (
			);
			runOnlyForDeploymentPostprocessing = 0;
		};
/* End PBXFrameworksBuildPhase section */

/* Begin PBXGroup section */
		07655C9D2C24BD5800E3CCF4 = {
			isa = PBXGroup;
			children = (
				07655CA82C24BD5800E3CCF4 /* GroznyBus */,
				07655CA72C24BD5800E3CCF4 /* Products */,
			);
			sourceTree = "<group>";
		};
		07655CA72C24BD5800E3CCF4 /* Products */ = {
			isa = PBXGroup;
			children = (
				07655CA62C24BD5800E3CCF4 /* GroznyBus.app */,
			);
			name = Products;
			sourceTree = "<group>";
		};
		07655CA82C24BD5800E3CCF4 /* GroznyBus */ = {
			isa = PBXGroup;
			children = (
				07A808022C2817580006D6EA /* Extentions */,
				07A807F62C26B8B10006D6EA /* Services */,
				07A807F52C26B8AD0006D6EA /* Views */,
				07A807F42C26B8A60006D6EA /* Models */,
				07655CA92C24BD5800E3CCF4 /* GroznyBusApp.swift */,
				07655CAB2C24BD5800E3CCF4 /* ContentView.swift */,
				07655CAD2C24BD5900E3CCF4 /* Assets.xcassets */,
				07655CAF2C24BD5900E3CCF4 /* Preview Content */,
			);
			path = GroznyBus;
			sourceTree = "<group>";
		};
		07655CAF2C24BD5900E3CCF4 /* Preview Content */ = {
			isa = PBXGroup;
			children = (
				07655CB02C24BD5900E3CCF4 /* Preview Assets.xcassets */,
			);
			path = "Preview Content";
			sourceTree = "<group>";
		};
		07A807F42C26B8A60006D6EA /* Models */ = {
			isa = PBXGroup;
			children = (
				07A807FA2C26BEEE0006D6EA /* Stop.swift */,
				07A807F72C26BEAF0006D6EA /* Bus.swift */,
			);
			path = Models;
			sourceTree = "<group>";
		};
		07A807F52C26B8AD0006D6EA /* Views */ = {
			isa = PBXGroup;
			children = (
				07A807FE2C26C1AF0006D6EA /* HomeView.swift */,
				07A808002C26C1FB0006D6EA /* SettingsView.swift */,
				07A808052C2832AE0006D6EA /* HomeViewModel.swift */,
			);
			path = Views;
			sourceTree = "<group>";
		};
		07A807F62C26B8B10006D6EA /* Services */ = {
			isa = PBXGroup;
			children = (
			);
			path = Services;
			sourceTree = "<group>";
		};
		07A808022C2817580006D6EA /* Extentions */ = {
			isa = PBXGroup;
			children = (
			);
			path = Extentions;
			sourceTree = "<group>";
		};
/* End PBXGroup section */

/* Begin PBXNativeTarget section */
		07655CA52C24BD5800E3CCF4 /* GroznyBus */ = {
			isa = PBXNativeTarget;
			buildConfigurationList = 07655CB42C24BD5900E3CCF4 /* Build configuration list for PBXNativeTarget "GroznyBus" */;
			buildPhases = (
				07655CA22C24BD5800E3CCF4 /* Sources */,
				07655CA32C24BD5800E3CCF4 /* Frameworks */,
				07655CA42C24BD5800E3CCF4 /* Resources */,
			);
			buildRules = (
			);
			dependencies = (
			);
			name = GroznyBus;
			productName = GroznyBus;
			productReference = 07655CA62C24BD5800E3CCF4 /* GroznyBus.app */;
			productType = "com.apple.product-type.application";
		};
/* End PBXNativeTarget section */

/* Begin PBXProject section */
		07655C9E2C24BD5800E3CCF4 /* Project object */ = {
			isa = PBXProject;
			attributes = {
				BuildIndependentTargetsInParallel = 1;
				LastSwiftUpdateCheck = 1530;
				LastUpgradeCheck = 1530;
				TargetAttributes = {
					07655CA52C24BD5800E3CCF4 = {
						CreatedOnToolsVersion = 15.3;
					};
				};
			};
			buildConfigurationList = 07655CA12C24BD5800E3CCF4 /* Build configuration list for PBXProject "GroznyBus" */;
			compatibilityVersion = "Xcode 14.0";
			developmentRegion = en;
			hasScannedForEncodings = 0;
			knownRegions = (
				en,
				Base,
			);
			mainGroup = 07655C9D2C24BD5800E3CCF4;
			productRefGroup = 07655CA72C24BD5800E3CCF4 /* Products */;
			projectDirPath = "";
			projectRoot = "";
			targets = (
				07655CA52C24BD5800E3CCF4 /* GroznyBus */,
			);
		};
/* End PBXProject section */

/* Begin PBXResourcesBuildPhase section */
		07655CA42C24BD5800E3CCF4 /* Resources */ = {
			isa = PBXResourcesBuildPhase;
			buildActionMask = 2147483647;
			files = (
				07655CB12C24BD5900E3CCF4 /* Preview Assets.xcassets in Resources */,
				07655CAE2C24BD5900E3CCF4 /* Assets.xcassets in Resources */,
			);
			runOnlyForDeploymentPostprocessing = 0;
		};
/* End PBXResourcesBuildPhase section */

/* Begin PBXSourcesBuildPhase section */
		07655CA22C24BD5800E3CCF4 /* Sources */ = {
			isa = PBXSourcesBuildPhase;
			buildActionMask = 2147483647;
			files = (
				07A807F82C26BEAF0006D6EA /* Bus.swift in Sources */,
				07655CAC2C24BD5800E3CCF4 /* ContentView.swift in Sources */,
				07A808062C2832AE0006D6EA /* HomeViewModel.swift in Sources */,
				07655CAA2C24BD5800E3CCF4 /* GroznyBusApp.swift in Sources */,
				07A808012C26C1FB0006D6EA /* SettingsView.swift in Sources */,
				07A807FF2C26C1AF0006D6EA /* HomeView.swift in Sources */,
				07A807FB2C26BEEE0006D6EA /* Stop.swift in Sources */,
			);
			runOnlyForDeploymentPostprocessing = 0;
		};
/* End PBXSourcesBuildPhase section */

/* Begin XCBuildConfiguration section */
		07655CB22C24BD5900E3CCF4 /* Debug */ = {
			isa = XCBuildConfiguration;
			buildSettings = {
				ALWAYS_SEARCH_USER_PATHS = NO;
				ASSETCATALOG_COMPILER_GENERATE_SWIFT_ASSET_SYMBOL_EXTENSIONS = YES;
				CLANG_ANALYZER_NONNULL = YES;
				CLANG_ANALYZER_NUMBER_OBJECT_CONVERSION = YES_AGGRESSIVE;
				CLANG_CXX_LANGUAGE_STANDARD = "gnu++20";
				CLANG_ENABLE_MODULES = YES;
				CLANG_ENABLE_OBJC_ARC = YES;
				CLANG_ENABLE_OBJC_WEAK = YES;
				CLANG_WARN_BLOCK_CAPTURE_AUTORELEASING = YES;
				CLANG_WARN_BOOL_CONVERSION = YES;
				CLANG_WARN_COMMA = YES;
				CLANG_WARN_CONSTANT_CONVERSION = YES;
				CLANG_WARN_DEPRECATED_OBJC_IMPLEMENTATIONS = YES;
				CLANG_WARN_DIRECT_OBJC_ISA_USAGE = YES_ERROR;
				CLANG_WARN_DOCUMENTATION_COMMENTS = YES;
				CLANG_WARN_EMPTY_BODY = YES;
				CLANG_WARN_ENUM_CONVERSION = YES;
				CLANG_WARN_INFINITE_RECURSION = YES;
				CLANG_WARN_INT_CONVERSION = YES;
				CLANG_WARN_NON_LITERAL_NULL_CONVERSION = YES;
				CLANG_WARN_OBJC_IMPLICIT_RETAIN_SELF = YES;
				CLANG_WARN_OBJC_LITERAL_CONVERSION = YES;
				CLANG_WARN_OBJC_ROOT_CLASS = YES_ERROR;
				CLANG_WARN_QUOTED_INCLUDE_IN_FRAMEWORK_HEADER = YES;
				CLANG_WARN_RANGE_LOOP_ANALYSIS = YES;
				CLANG_WARN_STRICT_PROTOTYPES = YES;
				CLANG_WARN_SUSPICIOUS_MOVE = YES;
				CLANG_WARN_UNGUARDED_AVAILABILITY = YES_AGGRESSIVE;
				CLANG_WARN_UNREACHABLE_CODE = YES;
				CLANG_WARN__DUPLICATE_METHOD_MATCH = YES;
				COPY_PHASE_STRIP = NO;
				DEBUG_INFORMATION_FORMAT = dwarf;
				ENABLE_STRICT_OBJC_MSGSEND = YES;
				ENABLE_TESTABILITY = YES;
				ENABLE_USER_SCRIPT_SANDBOXING = YES;
				GCC_C_LANGUAGE_STANDARD = gnu17;
				GCC_DYNAMIC_NO_PIC = NO;
				GCC_NO_COMMON_BLOCKS = YES;
				GCC_OPTIMIZATION_LEVEL = 0;
				GCC_PREPROCESSOR_DEFINITIONS = (
					"DEBUG=1",
					"$(inherited)",
				);
				GCC_WARN_64_TO_32_BIT_CONVERSION = YES;
				GCC_WARN_ABOUT_RETURN_TYPE = YES_ERROR;
				GCC_WARN_UNDECLARED_SELECTOR = YES;
				GCC_WARN_UNINITIALIZED_AUTOS = YES_AGGRESSIVE;
				GCC_WARN_UNUSED_FUNCTION = YES;
				GCC_WARN_UNUSED_VARIABLE = YES;
				IPHONEOS_DEPLOYMENT_TARGET = 17.4;
				LOCALIZATION_PREFERS_STRING_CATALOGS = YES;
				MTL_ENABLE_DEBUG_INFO = INCLUDE_SOURCE;
				MTL_FAST_MATH = YES;
				ONLY_ACTIVE_ARCH = YES;
				SDKROOT = iphoneos;
				SWIFT_ACTIVE_COMPILATION_CONDITIONS = "DEBUG $(inherited)";
				SWIFT_OPTIMIZATION_LEVEL = "-Onone";
			};
			name = Debug;
		};
		07655CB32C24BD5900E3CCF4 /* Release */ = {
			isa = XCBuildConfiguration;
			buildSettings = {
				ALWAYS_SEARCH_USER_PATHS = NO;
				ASSETCATALOG_COMPILER_GENERATE_SWIFT_ASSET_SYMBOL_EXTENSIONS = YES;
				CLANG_ANALYZER_NONNULL = YES;
				CLANG_ANALYZER_NUMBER_OBJECT_CONVERSION = YES_AGGRESSIVE;
				CLANG_CXX_LANGUAGE_STANDARD = "gnu++20";
				CLANG_ENABLE_MODULES = YES;
				CLANG_ENABLE_OBJC_ARC = YES;
				CLANG_ENABLE_OBJC_WEAK = YES;
				CLANG_WARN_BLOCK_CAPTURE_AUTORELEASING = YES;
				CLANG_WARN_BOOL_CONVERSION = YES;
				CLANG_WARN_COMMA = YES;
				CLANG_WARN_CONSTANT_CONVERSION = YES;
				CLANG_WARN_DEPRECATED_OBJC_IMPLEMENTATIONS = YES;
				CLANG_WARN_DIRECT_OBJC_ISA_USAGE = YES_ERROR;
				CLANG_WARN_DOCUMENTATION_COMMENTS = YES;
				CLANG_WARN_EMPTY_BODY = YES;
				CLANG_WARN_ENUM_CONVERSION = YES;
				CLANG_WARN_INFINITE_RECURSION = YES;
				CLANG_WARN_INT_CONVERSION = YES;
				CLANG_WARN_NON_LITERAL_NULL_CONVERSION = YES;
				CLANG_WARN_OBJC_IMPLICIT_RETAIN_SELF = YES;
				CLANG_WARN_OBJC_LITERAL_CONVERSION = YES;
				CLANG_WARN_OBJC_ROOT_CLASS = YES_ERROR;
				CLANG_WARN_QUOTED_INCLUDE_IN_FRAMEWORK_HEADER = YES;
				CLANG_WARN_RANGE_LOOP_ANALYSIS = YES;
				CLANG_WARN_STRICT_PROTOTYPES = YES;
				CLANG_WARN_SUSPICIOUS_MOVE = YES;
				CLANG_WARN_UNGUARDED_AVAILABILITY = YES_AGGRESSIVE;
				CLANG_WARN_UNREACHABLE_CODE = YES;
				CLANG_WARN__DUPLICATE_METHOD_MATCH = YES;
				COPY_PHASE_STRIP = NO;
				DEBUG_INFORMATION_FORMAT = "dwarf-with-dsym";
				ENABLE_NS_ASSERTIONS = NO;
				ENABLE_STRICT_OBJC_MSGSEND = YES;
				ENABLE_USER_SCRIPT_SANDBOXING = YES;
				GCC_C_LANGUAGE_STANDARD = gnu17;
				GCC_NO_COMMON_BLOCKS = YES;
				GCC_WARN_64_TO_32_BIT_CONVERSION = YES;
				GCC_WARN_ABOUT_RETURN_TYPE = YES_ERROR;
				GCC_WARN_UNDECLARED_SELECTOR = YES;
				GCC_WARN_UNINITIALIZED_AUTOS = YES_AGGRESSIVE;
				GCC_WARN_UNUSED_FUNCTION = YES;
				GCC_WARN_UNUSED_VARIABLE = YES;
				IPHONEOS_DEPLOYMENT_TARGET = 17.4;
				LOCALIZATION_PREFERS_STRING_CATALOGS = YES;
				MTL_ENABLE_DEBUG_INFO = NO;
				MTL_FAST_MATH = YES;
				SDKROOT = iphoneos;
				SWIFT_COMPILATION_MODE = wholemodule;
				VALIDATE_PRODUCT = YES;
			};
			name = Release;
		};
		07655CB52C24BD5900E3CCF4 /* Debug */ = {
			isa = XCBuildConfiguration;
			buildSettings = {
				ASSETCATALOG_COMPILER_APPICON_NAME = AppIcon;
				ASSETCATALOG_COMPILER_GLOBAL_ACCENT_COLOR_NAME = AccentColor;
				CODE_SIGN_STYLE = Automatic;
				CURRENT_PROJECT_VERSION = 1;
				DEVELOPMENT_ASSET_PATHS = "\"GroznyBus/Preview Content\"";
				DEVELOPMENT_TEAM = QYY3G6W6RG;
				ENABLE_PREVIEWS = YES;
				GENERATE_INFOPLIST_FILE = YES;
				INFOPLIST_KEY_UIApplicationSceneManifest_Generation = YES;
				INFOPLIST_KEY_UIApplicationSupportsIndirectInputEvents = YES;
				INFOPLIST_KEY_UILaunchScreen_Generation = YES;
				INFOPLIST_KEY_UISupportedInterfaceOrientations_iPad = "UIInterfaceOrientationPortrait UIInterfaceOrientationPortraitUpsideDown UIInterfaceOrientationLandscapeLeft UIInterfaceOrientationLandscapeRight";
				INFOPLIST_KEY_UISupportedInterfaceOrientations_iPhone = "UIInterfaceOrientationPortrait UIInterfaceOrientationLandscapeLeft UIInterfaceOrientationLandscapeRight";
				LD_RUNPATH_SEARCH_PATHS = (
					"$(inherited)",
					"@executable_path/Frameworks",
				);
				MARKETING_VERSION = 1.0;
				PRODUCT_BUNDLE_IDENTIFIER = com.lukman.GroznyBus;
				PRODUCT_NAME = "$(TARGET_NAME)";
				SWIFT_EMIT_LOC_STRINGS = YES;
				SWIFT_VERSION = 5.0;
				TARGETED_DEVICE_FAMILY = "1,2";
			};
			name = Debug;
		};
		07655CB62C24BD5900E3CCF4 /* Release */ = {
			isa = XCBuildConfiguration;
			buildSettings = {
				ASSETCATALOG_COMPILER_APPICON_NAME = AppIcon;
				ASSETCATALOG_COMPILER_GLOBAL_ACCENT_COLOR_NAME = AccentColor;
				CODE_SIGN_STYLE = Automatic;
				CURRENT_PROJECT_VERSION = 1;
				DEVELOPMENT_ASSET_PATHS = "\"GroznyBus/Preview Content\"";
				DEVELOPMENT_TEAM = QYY3G6W6RG;
				ENABLE_PREVIEWS = YES;
				GENERATE_INFOPLIST_FILE = YES;
				INFOPLIST_KEY_UIApplicationSceneManifest_Generation = YES;
				INFOPLIST_KEY_UIApplicationSupportsIndirectInputEvents = YES;
				INFOPLIST_KEY_UILaunchScreen_Generation = YES;
				INFOPLIST_KEY_UISupportedInterfaceOrientations_iPad = "UIInterfaceOrientationPortrait UIInterfaceOrientationPortraitUpsideDown UIInterfaceOrientationLandscapeLeft UIInterfaceOrientationLandscapeRight";
				INFOPLIST_KEY_UISupportedInterfaceOrientations_iPhone = "UIInterfaceOrientationPortrait UIInterfaceOrientationLandscapeLeft UIInterfaceOrientationLandscapeRight";
				LD_RUNPATH_SEARCH_PATHS = (
					"$(inherited)",
					"@executable_path/Frameworks",
				);
				MARKETING_VERSION = 1.0;
				PRODUCT_BUNDLE_IDENTIFIER = com.lukman.GroznyBus;
				PRODUCT_NAME = "$(TARGET_NAME)";
				SWIFT_EMIT_LOC_STRINGS = YES;
				SWIFT_VERSION = 5.0;
				TARGETED_DEVICE_FAMILY = "1,2";
			};
			name = Release;
		};
/* End XCBuildConfiguration section */

/* Begin XCConfigurationList section */
		07655CA12C24BD5800E3CCF4 /* Build configuration list for PBXProject "GroznyBus" */ = {
			isa = XCConfigurationList;
			buildConfigurations = (
				07655CB22C24BD5900E3CCF4 /* Debug */,
				07655CB32C24BD5900E3CCF4 /* Release */,
			);
			defaultConfigurationIsVisible = 0;
			defaultConfigurationName = Release;
		};
		07655CB42C24BD5900E3CCF4 /* Build configuration list for PBXNativeTarget "GroznyBus" */ = {
			isa = XCConfigurationList;
			buildConfigurations = (
				07655CB52C24BD5900E3CCF4 /* Debug */,
				07655CB62C24BD5900E3CCF4 /* Release */,
			);
			defaultConfigurationIsVisible = 0;
			defaultConfigurationName = Release;
		};
/* End XCConfigurationList section */
	};
	rootObject = 07655C9E2C24BD5800E3CCF4 /* Project object */;
}
